// !$*UTF8*$!
{
	archiveVersion = 1;
	classes = {
	};
	objectVersion = 56;
	objects = {

/* Begin PBXBuildFile section */
		AF015F252C947CE90056AC68 /* Localizable.xcstrings in Resources */ = {isa = PBXBuildFile; fileRef = AF015F242C947CE90056AC68 /* Localizable.xcstrings */; };
		AF015F292C948AF40056AC68 /* BarcodeSearchResults.swift in Sources */ = {isa = PBXBuildFile; fileRef = AF015F282C948AF40056AC68 /* BarcodeSearchResults.swift */; };
		AF015F2B2C948E660056AC68 /* BarcodeList.swift in Sources */ = {isa = PBXBuildFile; fileRef = AF015F2A2C948E660056AC68 /* BarcodeList.swift */; };
		AF4A150D2C91A5B600FD9456 /* Code_StashApp.swift in Sources */ = {isa = PBXBuildFile; fileRef = AF4A150C2C91A5B600FD9456 /* Code_StashApp.swift */; };
		AF4A150F2C91A5B600FD9456 /* ContentView.swift in Sources */ = {isa = PBXBuildFile; fileRef = AF4A150E2C91A5B600FD9456 /* ContentView.swift */; };
		AF4A15112C91A5B600FD9456 /* Item.swift in Sources */ = {isa = PBXBuildFile; fileRef = AF4A15102C91A5B600FD9456 /* Item.swift */; };
		AF4A15132C91A5B800FD9456 /* Assets.xcassets in Resources */ = {isa = PBXBuildFile; fileRef = AF4A15122C91A5B800FD9456 /* Assets.xcassets */; };
		AF4A15162C91A5B800FD9456 /* Preview Assets.xcassets in Resources */ = {isa = PBXBuildFile; fileRef = AF4A15152C91A5B800FD9456 /* Preview Assets.xcassets */; };
		AF4A151F2C91A77600FD9456 /* BarcodeListItem.swift in Sources */ = {isa = PBXBuildFile; fileRef = AF4A151E2C91A77600FD9456 /* BarcodeListItem.swift */; };
		AF4A15212C91A86D00FD9456 /* BarcodeGenerator.swift in Sources */ = {isa = PBXBuildFile; fileRef = AF4A15202C91A86D00FD9456 /* BarcodeGenerator.swift */; };
		AF4A15232C91A8C000FD9456 /* BarcodeView.swift in Sources */ = {isa = PBXBuildFile; fileRef = AF4A15222C91A8C000FD9456 /* BarcodeView.swift */; };
		AF4A15252C91B7E000FD9456 /* EditBarcodeView.swift in Sources */ = {isa = PBXBuildFile; fileRef = AF4A15242C91B7E000FD9456 /* EditBarcodeView.swift */; };
		AF4A15272C91EDFB00FD9456 /* ScannerView.swift in Sources */ = {isa = PBXBuildFile; fileRef = AF4A15262C91EDFB00FD9456 /* ScannerView.swift */; };
		AF4A15292C91EE8100FD9456 /* AppViewModel.swift in Sources */ = {isa = PBXBuildFile; fileRef = AF4A15282C91EE8100FD9456 /* AppViewModel.swift */; };
		AF4A152B2C91EEBE00FD9456 /* BarcodeViewfinderView.swift in Sources */ = {isa = PBXBuildFile; fileRef = AF4A152A2C91EEBE00FD9456 /* BarcodeViewfinderView.swift */; };
		AF4A152F2C92DDF200FD9456 /* AddBarcodeView.swift in Sources */ = {isa = PBXBuildFile; fileRef = AF4A152E2C92DDF200FD9456 /* AddBarcodeView.swift */; };
		AF4A15312C931E1D00FD9456 /* BarcodeAPI.swift in Sources */ = {isa = PBXBuildFile; fileRef = AF4A15302C931E1D00FD9456 /* BarcodeAPI.swift */; };
		AFA6D6462C934F6100BA5B22 /* BarcodeImage.swift in Sources */ = {isa = PBXBuildFile; fileRef = AFA6D6452C934F6100BA5B22 /* BarcodeImage.swift */; };
/* End PBXBuildFile section */

/* Begin PBXFileReference section */
		AF015F242C947CE90056AC68 /* Localizable.xcstrings */ = {isa = PBXFileReference; lastKnownFileType = text.json.xcstrings; path = Localizable.xcstrings; sourceTree = "<group>"; };
		AF015F282C948AF40056AC68 /* BarcodeSearchResults.swift */ = {isa = PBXFileReference; lastKnownFileType = sourcecode.swift; path = BarcodeSearchResults.swift; sourceTree = "<group>"; };
		AF015F2A2C948E660056AC68 /* BarcodeList.swift */ = {isa = PBXFileReference; lastKnownFileType = sourcecode.swift; path = BarcodeList.swift; sourceTree = "<group>"; };
		AF4A15092C91A5B600FD9456 /* Code Stash.app */ = {isa = PBXFileReference; explicitFileType = wrapper.application; includeInIndex = 0; path = "Code Stash.app"; sourceTree = BUILT_PRODUCTS_DIR; };
		AF4A150C2C91A5B600FD9456 /* Code_StashApp.swift */ = {isa = PBXFileReference; lastKnownFileType = sourcecode.swift; path = Code_StashApp.swift; sourceTree = "<group>"; };
		AF4A150E2C91A5B600FD9456 /* ContentView.swift */ = {isa = PBXFileReference; lastKnownFileType = sourcecode.swift; path = ContentView.swift; sourceTree = "<group>"; };
		AF4A15102C91A5B600FD9456 /* Item.swift */ = {isa = PBXFileReference; lastKnownFileType = sourcecode.swift; path = Item.swift; sourceTree = "<group>"; };
		AF4A15122C91A5B800FD9456 /* Assets.xcassets */ = {isa = PBXFileReference; lastKnownFileType = folder.assetcatalog; path = Assets.xcassets; sourceTree = "<group>"; };
		AF4A15152C91A5B800FD9456 /* Preview Assets.xcassets */ = {isa = PBXFileReference; lastKnownFileType = folder.assetcatalog; path = "Preview Assets.xcassets"; sourceTree = "<group>"; };
		AF4A151E2C91A77600FD9456 /* BarcodeListItem.swift */ = {isa = PBXFileReference; lastKnownFileType = sourcecode.swift; path = BarcodeListItem.swift; sourceTree = "<group>"; };
		AF4A15202C91A86D00FD9456 /* BarcodeGenerator.swift */ = {isa = PBXFileReference; lastKnownFileType = sourcecode.swift; path = BarcodeGenerator.swift; sourceTree = "<group>"; };
		AF4A15222C91A8C000FD9456 /* BarcodeView.swift */ = {isa = PBXFileReference; lastKnownFileType = sourcecode.swift; path = BarcodeView.swift; sourceTree = "<group>"; };
		AF4A15242C91B7E000FD9456 /* EditBarcodeView.swift */ = {isa = PBXFileReference; lastKnownFileType = sourcecode.swift; path = EditBarcodeView.swift; sourceTree = "<group>"; };
		AF4A15262C91EDFB00FD9456 /* ScannerView.swift */ = {isa = PBXFileReference; lastKnownFileType = sourcecode.swift; path = ScannerView.swift; sourceTree = "<group>"; };
		AF4A15282C91EE8100FD9456 /* AppViewModel.swift */ = {isa = PBXFileReference; lastKnownFileType = sourcecode.swift; path = AppViewModel.swift; sourceTree = "<group>"; };
		AF4A152A2C91EEBE00FD9456 /* BarcodeViewfinderView.swift */ = {isa = PBXFileReference; lastKnownFileType = sourcecode.swift; path = BarcodeViewfinderView.swift; sourceTree = "<group>"; };
		AF4A152E2C92DDF200FD9456 /* AddBarcodeView.swift */ = {isa = PBXFileReference; lastKnownFileType = sourcecode.swift; path = AddBarcodeView.swift; sourceTree = "<group>"; };
		AF4A15302C931E1D00FD9456 /* BarcodeAPI.swift */ = {isa = PBXFileReference; lastKnownFileType = sourcecode.swift; path = BarcodeAPI.swift; sourceTree = "<group>"; };
		AFA6D6452C934F6100BA5B22 /* BarcodeImage.swift */ = {isa = PBXFileReference; lastKnownFileType = sourcecode.swift; path = BarcodeImage.swift; sourceTree = "<group>"; };
/* End PBXFileReference section */

/* Begin PBXFrameworksBuildPhase section */
		AF4A15062C91A5B600FD9456 /* Frameworks */ = {
			isa = PBXFrameworksBuildPhase;
			buildActionMask = 2147483647;
			files = (
			);
			runOnlyForDeploymentPostprocessing = 0;
		};
/* End PBXFrameworksBuildPhase section */

/* Begin PBXGroup section */
		AF015F262C948A0C0056AC68 /* Viewfinder */ = {
			isa = PBXGroup;
			children = (
				AF4A15282C91EE8100FD9456 /* AppViewModel.swift */,
				AF4A15262C91EDFB00FD9456 /* ScannerView.swift */,
				AF4A152A2C91EEBE00FD9456 /* BarcodeViewfinderView.swift */,
			);
			path = Viewfinder;
			sourceTree = "<group>";
		};
		AF015F272C948AD40056AC68 /* Barcode */ = {
			isa = PBXGroup;
			children = (
				AF015F282C948AF40056AC68 /* BarcodeSearchResults.swift */,
				AF015F2A2C948E660056AC68 /* BarcodeList.swift */,
				AF4A151E2C91A77600FD9456 /* BarcodeListItem.swift */,
			);
			path = Barcode;
			sourceTree = "<group>";
		};
		AF4A15002C91A5B600FD9456 = {
			isa = PBXGroup;
			children = (
				AF4A150B2C91A5B600FD9456 /* Code Stash */,
				AF4A150A2C91A5B600FD9456 /* Products */,
			);
			sourceTree = "<group>";
		};
		AF4A150A2C91A5B600FD9456 /* Products */ = {
			isa = PBXGroup;
			children = (
				AF4A15092C91A5B600FD9456 /* Code Stash.app */,
			);
			name = Products;
			sourceTree = "<group>";
		};
		AF4A150B2C91A5B600FD9456 /* Code Stash */ = {
			isa = PBXGroup;
			children = (
				AF015F242C947CE90056AC68 /* Localizable.xcstrings */,
				AF4A150C2C91A5B600FD9456 /* Code_StashApp.swift */,
				AF4A150E2C91A5B600FD9456 /* ContentView.swift */,
				AF4A15102C91A5B600FD9456 /* Item.swift */,
				AF4A15122C91A5B800FD9456 /* Assets.xcassets */,
				AF4A15142C91A5B800FD9456 /* Preview Content */,
				AF4A15242C91B7E000FD9456 /* EditBarcodeView.swift */,
				AF4A152E2C92DDF200FD9456 /* AddBarcodeView.swift */,
				AF4A15222C91A8C000FD9456 /* BarcodeView.swift */,
				AFA6D6452C934F6100BA5B22 /* BarcodeImage.swift */,
				AF015F272C948AD40056AC68 /* Barcode */,
				AFA6D6472C936EB400BA5B22 /* Barcode Generation */,
				AF015F262C948A0C0056AC68 /* Viewfinder */,
			);
			path = "Code Stash";
			sourceTree = "<group>";
		};
		AF4A15142C91A5B800FD9456 /* Preview Content */ = {
			isa = PBXGroup;
			children = (
				AF4A15152C91A5B800FD9456 /* Preview Assets.xcassets */,
			);
			path = "Preview Content";
			sourceTree = "<group>";
		};
		AFA6D6472C936EB400BA5B22 /* Barcode Generation */ = {
			isa = PBXGroup;
			children = (
				AF4A15202C91A86D00FD9456 /* BarcodeGenerator.swift */,
				AF4A15302C931E1D00FD9456 /* BarcodeAPI.swift */,
			);
			path = "Barcode Generation";
			sourceTree = "<group>";
		};
/* End PBXGroup section */

/* Begin PBXNativeTarget section */
		AF4A15082C91A5B600FD9456 /* Code Stash */ = {
			isa = PBXNativeTarget;
			buildConfigurationList = AF4A15192C91A5B800FD9456 /* Build configuration list for PBXNativeTarget "Code Stash" */;
			buildPhases = (
				AF4A15052C91A5B600FD9456 /* Sources */,
				AF4A15062C91A5B600FD9456 /* Frameworks */,
				AF4A15072C91A5B600FD9456 /* Resources */,
			);
			buildRules = (
			);
			dependencies = (
			);
			name = "Code Stash";
			productName = "Code Clone";
			productReference = AF4A15092C91A5B600FD9456 /* Code Stash.app */;
			productType = "com.apple.product-type.application";
		};
/* End PBXNativeTarget section */

/* Begin PBXProject section */
		AF4A15012C91A5B600FD9456 /* Project object */ = {
			isa = PBXProject;
			attributes = {
				BuildIndependentTargetsInParallel = 1;
				LastSwiftUpdateCheck = 1540;
				LastUpgradeCheck = 1540;
				TargetAttributes = {
					AF4A15082C91A5B600FD9456 = {
						CreatedOnToolsVersion = 15.4;
					};
				};
			};
			buildConfigurationList = AF4A15042C91A5B600FD9456 /* Build configuration list for PBXProject "Code Stash" */;
			compatibilityVersion = "Xcode 14.0";
			developmentRegion = en;
			hasScannedForEncodings = 0;
			knownRegions = (
				en,
				Base,
				es,
				"en-GB",
				hu,
			);
			mainGroup = AF4A15002C91A5B600FD9456;
			productRefGroup = AF4A150A2C91A5B600FD9456 /* Products */;
			projectDirPath = "";
			projectRoot = "";
			targets = (
				AF4A15082C91A5B600FD9456 /* Code Stash */,
			);
		};
/* End PBXProject section */

/* Begin PBXResourcesBuildPhase section */
		AF4A15072C91A5B600FD9456 /* Resources */ = {
			isa = PBXResourcesBuildPhase;
			buildActionMask = 2147483647;
			files = (
				AF4A15162C91A5B800FD9456 /* Preview Assets.xcassets in Resources */,
				AF4A15132C91A5B800FD9456 /* Assets.xcassets in Resources */,
				AF015F252C947CE90056AC68 /* Localizable.xcstrings in Resources */,
			);
			runOnlyForDeploymentPostprocessing = 0;
		};
/* End PBXResourcesBuildPhase section */

/* Begin PBXSourcesBuildPhase section */
		AF4A15052C91A5B600FD9456 /* Sources */ = {
			isa = PBXSourcesBuildPhase;
			buildActionMask = 2147483647;
			files = (
				AF4A150F2C91A5B600FD9456 /* ContentView.swift in Sources */,
				AF4A15272C91EDFB00FD9456 /* ScannerView.swift in Sources */,
				AF4A15292C91EE8100FD9456 /* AppViewModel.swift in Sources */,
				AF4A15212C91A86D00FD9456 /* BarcodeGenerator.swift in Sources */,
				AF4A152B2C91EEBE00FD9456 /* BarcodeViewfinderView.swift in Sources */,
				AF4A15112C91A5B600FD9456 /* Item.swift in Sources */,
				AF4A150D2C91A5B600FD9456 /* Code_StashApp.swift in Sources */,
				AF015F2B2C948E660056AC68 /* BarcodeList.swift in Sources */,
				AF4A15252C91B7E000FD9456 /* EditBarcodeView.swift in Sources */,
				AF4A151F2C91A77600FD9456 /* BarcodeListItem.swift in Sources */,
				AF4A15232C91A8C000FD9456 /* BarcodeView.swift in Sources */,
				AF4A152F2C92DDF200FD9456 /* AddBarcodeView.swift in Sources */,
				AFA6D6462C934F6100BA5B22 /* BarcodeImage.swift in Sources */,
				AF4A15312C931E1D00FD9456 /* BarcodeAPI.swift in Sources */,
				AF015F292C948AF40056AC68 /* BarcodeSearchResults.swift in Sources */,
			);
			runOnlyForDeploymentPostprocessing = 0;
		};
/* End PBXSourcesBuildPhase section */

/* Begin XCBuildConfiguration section */
		AF4A15172C91A5B800FD9456 /* Debug */ = {
			isa = XCBuildConfiguration;
			buildSettings = {
				ALWAYS_SEARCH_USER_PATHS = NO;
				ASSETCATALOG_COMPILER_GENERATE_SWIFT_ASSET_SYMBOL_EXTENSIONS = YES;
				CLANG_ANALYZER_NONNULL = YES;
				CLANG_ANALYZER_NUMBER_OBJECT_CONVERSION = YES_AGGRESSIVE;
				CLANG_CXX_LANGUAGE_STANDARD = "gnu++20";
				CLANG_ENABLE_MODULES = YES;
				CLANG_ENABLE_OBJC_ARC = YES;
				CLANG_ENABLE_OBJC_WEAK = YES;
				CLANG_WARN_BLOCK_CAPTURE_AUTORELEASING = YES;
				CLANG_WARN_BOOL_CONVERSION = YES;
				CLANG_WARN_COMMA = YES;
				CLANG_WARN_CONSTANT_CONVERSION = YES;
				CLANG_WARN_DEPRECATED_OBJC_IMPLEMENTATIONS = YES;
				CLANG_WARN_DIRECT_OBJC_ISA_USAGE = YES_ERROR;
				CLANG_WARN_DOCUMENTATION_COMMENTS = YES;
				CLANG_WARN_EMPTY_BODY = YES;
				CLANG_WARN_ENUM_CONVERSION = YES;
				CLANG_WARN_INFINITE_RECURSION = YES;
				CLANG_WARN_INT_CONVERSION = YES;
				CLANG_WARN_NON_LITERAL_NULL_CONVERSION = YES;
				CLANG_WARN_OBJC_IMPLICIT_RETAIN_SELF = YES;
				CLANG_WARN_OBJC_LITERAL_CONVERSION = YES;
				CLANG_WARN_OBJC_ROOT_CLASS = YES_ERROR;
				CLANG_WARN_QUOTED_INCLUDE_IN_FRAMEWORK_HEADER = YES;
				CLANG_WARN_RANGE_LOOP_ANALYSIS = YES;
				CLANG_WARN_STRICT_PROTOTYPES = YES;
				CLANG_WARN_SUSPICIOUS_MOVE = YES;
				CLANG_WARN_UNGUARDED_AVAILABILITY = YES_AGGRESSIVE;
				CLANG_WARN_UNREACHABLE_CODE = YES;
				CLANG_WARN__DUPLICATE_METHOD_MATCH = YES;
				COPY_PHASE_STRIP = NO;
				DEBUG_INFORMATION_FORMAT = dwarf;
				ENABLE_STRICT_OBJC_MSGSEND = YES;
				ENABLE_TESTABILITY = YES;
				ENABLE_USER_SCRIPT_SANDBOXING = YES;
				GCC_C_LANGUAGE_STANDARD = gnu17;
				GCC_DYNAMIC_NO_PIC = NO;
				GCC_NO_COMMON_BLOCKS = YES;
				GCC_OPTIMIZATION_LEVEL = 0;
				GCC_PREPROCESSOR_DEFINITIONS = (
					"DEBUG=1",
					"$(inherited)",
				);
				GCC_WARN_64_TO_32_BIT_CONVERSION = YES;
				GCC_WARN_ABOUT_RETURN_TYPE = YES_ERROR;
				GCC_WARN_UNDECLARED_SELECTOR = YES;
				GCC_WARN_UNINITIALIZED_AUTOS = YES_AGGRESSIVE;
				GCC_WARN_UNUSED_FUNCTION = YES;
				GCC_WARN_UNUSED_VARIABLE = YES;
				IPHONEOS_DEPLOYMENT_TARGET = 17.5;
				LOCALIZATION_PREFERS_STRING_CATALOGS = YES;
				MTL_ENABLE_DEBUG_INFO = INCLUDE_SOURCE;
				MTL_FAST_MATH = YES;
				ONLY_ACTIVE_ARCH = YES;
				SDKROOT = iphoneos;
				SWIFT_ACTIVE_COMPILATION_CONDITIONS = "DEBUG $(inherited)";
				SWIFT_OPTIMIZATION_LEVEL = "-Onone";
			};
			name = Debug;
		};
		AF4A15182C91A5B800FD9456 /* Release */ = {
			isa = XCBuildConfiguration;
			buildSettings = {
				ALWAYS_SEARCH_USER_PATHS = NO;
				ASSETCATALOG_COMPILER_GENERATE_SWIFT_ASSET_SYMBOL_EXTENSIONS = YES;
				CLANG_ANALYZER_NONNULL = YES;
				CLANG_ANALYZER_NUMBER_OBJECT_CONVERSION = YES_AGGRESSIVE;
				CLANG_CXX_LANGUAGE_STANDARD = "gnu++20";
				CLANG_ENABLE_MODULES = YES;
				CLANG_ENABLE_OBJC_ARC = YES;
				CLANG_ENABLE_OBJC_WEAK = YES;
				CLANG_WARN_BLOCK_CAPTURE_AUTORELEASING = YES;
				CLANG_WARN_BOOL_CONVERSION = YES;
				CLANG_WARN_COMMA = YES;
				CLANG_WARN_CONSTANT_CONVERSION = YES;
				CLANG_WARN_DEPRECATED_OBJC_IMPLEMENTATIONS = YES;
				CLANG_WARN_DIRECT_OBJC_ISA_USAGE = YES_ERROR;
				CLANG_WARN_DOCUMENTATION_COMMENTS = YES;
				CLANG_WARN_EMPTY_BODY = YES;
				CLANG_WARN_ENUM_CONVERSION = YES;
				CLANG_WARN_INFINITE_RECURSION = YES;
				CLANG_WARN_INT_CONVERSION = YES;
				CLANG_WARN_NON_LITERAL_NULL_CONVERSION = YES;
				CLANG_WARN_OBJC_IMPLICIT_RETAIN_SELF = YES;
				CLANG_WARN_OBJC_LITERAL_CONVERSION = YES;
				CLANG_WARN_OBJC_ROOT_CLASS = YES_ERROR;
				CLANG_WARN_QUOTED_INCLUDE_IN_FRAMEWORK_HEADER = YES;
				CLANG_WARN_RANGE_LOOP_ANALYSIS = YES;
				CLANG_WARN_STRICT_PROTOTYPES = YES;
				CLANG_WARN_SUSPICIOUS_MOVE = YES;
				CLANG_WARN_UNGUARDED_AVAILABILITY = YES_AGGRESSIVE;
				CLANG_WARN_UNREACHABLE_CODE = YES;
				CLANG_WARN__DUPLICATE_METHOD_MATCH = YES;
				COPY_PHASE_STRIP = NO;
				DEBUG_INFORMATION_FORMAT = "dwarf-with-dsym";
				ENABLE_NS_ASSERTIONS = NO;
				ENABLE_STRICT_OBJC_MSGSEND = YES;
				ENABLE_USER_SCRIPT_SANDBOXING = YES;
				GCC_C_LANGUAGE_STANDARD = gnu17;
				GCC_NO_COMMON_BLOCKS = YES;
				GCC_WARN_64_TO_32_BIT_CONVERSION = YES;
				GCC_WARN_ABOUT_RETURN_TYPE = YES_ERROR;
				GCC_WARN_UNDECLARED_SELECTOR = YES;
				GCC_WARN_UNINITIALIZED_AUTOS = YES_AGGRESSIVE;
				GCC_WARN_UNUSED_FUNCTION = YES;
				GCC_WARN_UNUSED_VARIABLE = YES;
				IPHONEOS_DEPLOYMENT_TARGET = 17.5;
				LOCALIZATION_PREFERS_STRING_CATALOGS = YES;
				MTL_ENABLE_DEBUG_INFO = NO;
				MTL_FAST_MATH = YES;
				SDKROOT = iphoneos;
				SWIFT_COMPILATION_MODE = wholemodule;
				VALIDATE_PRODUCT = YES;
			};
			name = Release;
		};
		AF4A151A2C91A5B800FD9456 /* Debug */ = {
			isa = XCBuildConfiguration;
			buildSettings = {
				ASSETCATALOG_COMPILER_APPICON_NAME = AppIcon;
				ASSETCATALOG_COMPILER_GLOBAL_ACCENT_COLOR_NAME = AccentColor;
				CODE_SIGN_STYLE = Automatic;
				CURRENT_PROJECT_VERSION = 1;
				DEVELOPMENT_ASSET_PATHS = "\"Code Stash/Preview Content\"";
				DEVELOPMENT_TEAM = BGYHUAQL5U;
				ENABLE_PREVIEWS = YES;
				GENERATE_INFOPLIST_FILE = YES;
				INFOPLIST_KEY_NSCameraUsageDescription = "The app needs camera access to scan barcodes";
				INFOPLIST_KEY_UIApplicationSceneManifest_Generation = YES;
				INFOPLIST_KEY_UIApplicationSupportsIndirectInputEvents = YES;
				INFOPLIST_KEY_UILaunchScreen_Generation = YES;
				INFOPLIST_KEY_UISupportedInterfaceOrientations_iPad = "UIInterfaceOrientationPortrait UIInterfaceOrientationPortraitUpsideDown UIInterfaceOrientationLandscapeLeft UIInterfaceOrientationLandscapeRight";
				INFOPLIST_KEY_UISupportedInterfaceOrientations_iPhone = "UIInterfaceOrientationPortrait UIInterfaceOrientationLandscapeLeft UIInterfaceOrientationLandscapeRight";
				LD_RUNPATH_SEARCH_PATHS = (
					"$(inherited)",
					"@executable_path/Frameworks",
				);
				MARKETING_VERSION = 1.0;
				PRODUCT_BUNDLE_IDENTIFIER = "com.zk.Code-Stash";
				PRODUCT_NAME = "$(TARGET_NAME)";
				SWIFT_EMIT_LOC_STRINGS = YES;
				SWIFT_VERSION = 5.0;
				TARGETED_DEVICE_FAMILY = "1,2";
			};
			name = Debug;
		};
		AF4A151B2C91A5B800FD9456 /* Release */ = {
			isa = XCBuildConfiguration;
			buildSettings = {
				ASSETCATALOG_COMPILER_APPICON_NAME = AppIcon;
				ASSETCATALOG_COMPILER_GLOBAL_ACCENT_COLOR_NAME = AccentColor;
				CODE_SIGN_STYLE = Automatic;
				CURRENT_PROJECT_VERSION = 1;
				DEVELOPMENT_ASSET_PATHS = "\"Code Stash/Preview Content\"";
				DEVELOPMENT_TEAM = BGYHUAQL5U;
				ENABLE_PREVIEWS = YES;
				GENERATE_INFOPLIST_FILE = YES;
				INFOPLIST_KEY_NSCameraUsageDescription = "The app needs camera access to scan barcodes";
				INFOPLIST_KEY_UIApplicationSceneManifest_Generation = YES;
				INFOPLIST_KEY_UIApplicationSupportsIndirectInputEvents = YES;
				INFOPLIST_KEY_UILaunchScreen_Generation = YES;
				INFOPLIST_KEY_UISupportedInterfaceOrientations_iPad = "UIInterfaceOrientationPortrait UIInterfaceOrientationPortraitUpsideDown UIInterfaceOrientationLandscapeLeft UIInterfaceOrientationLandscapeRight";
				INFOPLIST_KEY_UISupportedInterfaceOrientations_iPhone = "UIInterfaceOrientationPortrait UIInterfaceOrientationLandscapeLeft UIInterfaceOrientationLandscapeRight";
				LD_RUNPATH_SEARCH_PATHS = (
					"$(inherited)",
					"@executable_path/Frameworks",
				);
				MARKETING_VERSION = 1.0;
				PRODUCT_BUNDLE_IDENTIFIER = "com.zk.Code-Stash";
				PRODUCT_NAME = "$(TARGET_NAME)";
				SWIFT_EMIT_LOC_STRINGS = YES;
				SWIFT_VERSION = 5.0;
				TARGETED_DEVICE_FAMILY = "1,2";
			};
			name = Release;
		};
/* End XCBuildConfiguration section */

/* Begin XCConfigurationList section */
		AF4A15042C91A5B600FD9456 /* Build configuration list for PBXProject "Code Stash" */ = {
			isa = XCConfigurationList;
			buildConfigurations = (
				AF4A15172C91A5B800FD9456 /* Debug */,
				AF4A15182C91A5B800FD9456 /* Release */,
			);
			defaultConfigurationIsVisible = 0;
			defaultConfigurationName = Release;
		};
		AF4A15192C91A5B800FD9456 /* Build configuration list for PBXNativeTarget "Code Stash" */ = {
			isa = XCConfigurationList;
			buildConfigurations = (
				AF4A151A2C91A5B800FD9456 /* Debug */,
				AF4A151B2C91A5B800FD9456 /* Release */,
			);
			defaultConfigurationIsVisible = 0;
			defaultConfigurationName = Release;
		};
/* End XCConfigurationList section */
	};
	rootObject = AF4A15012C91A5B600FD9456 /* Project object */;
}
